
Microsoft Visual Studio Solution File, Format Version 12.00
# Visual Studio Version 17
VisualStudioVersion = 17.3.32922.545
MinimumVisualStudioVersion = 10.0.40219.1
Project("{FAE04EC0-301F-11D3-BF4B-00C04F79EFBC}") = "Demodb", "Demodb\Demodb.csproj", "{A7DAB84B-B263-4BD4-A620-77FE3B54680E}"
EndProject
Global
	GlobalSection(SolutionConfigurationPlatforms) = preSolution
		Debug|Any CPU = Debug|Any CPU
		Release|Any CPU = Release|Any CPU
	EndGlobalSection
	GlobalSection(ProjectConfigurationPlatforms) = postSolution
		{A7DAB84B-B263-4BD4-A620-77FE3B54680E}.Debug|Any CPU.ActiveCfg = Debug|Any CPU
		{A7DAB84B-B263-4BD4-A620-77FE3B54680E}.Debug|Any CPU.Build.0 = Debug|Any CPU
		{A7DAB84B-B263-4BD4-A620-77FE3B54680E}.Release|Any CPU.ActiveCfg = Release|Any CPU
		{A7DAB84B-B263-4BD4-A620-77FE3B54680E}.Release|Any CPU.Build.0 = Release|Any CPU
	EndGlobalSection
	GlobalSection(SolutionProperties) = preSolution
		HideSolutionNode = FALSE
	EndGlobalSection
	GlobalSection(ExtensibilityGlobals) = postSolution
		SolutionGuid = {AB8D5AF6-18E3-49B4-A471-09FD06723F0B}
	EndGlobalSection
EndGlobal
